{
  "name": "karambit-inject-hello-world",
  "version": "1.0.0",
  "lockfileVersion": 3,
  "requires": true,
  "packages": {
    "": {
      "name": "karambit-inject-hello-world",
      "version": "1.0.0",
      "dependencies": {
        "karambit-decorators": "file:../../decorators"
      },
      "devDependencies": {
        "@types/node": "^20.16.10",
        "karambit-inject": "file:../..",
        "typescript": "^5.6.2"
      }
    },
    "../..": {
      "name": "karambit-inject",
      "version": "3.0.0-alpha.23",
      "license": "Apache-2.0",
      "dependencies": {
        "chalk": "^4.1.2",
        "karambit-decorators": "^0.0.2",
        "yargs": "^17.7.2"
      },
      "bin": {
        "karambit": "bin/index.js"
      },
      "devDependencies": {
        "@devprice/eslint-config": "^1.0.1",
        "@devprice/version-from-git": "^1.1.2",
        "@types/glob": "^8.1.0",
        "@types/jest": "^28.1.3",
        "@types/node": "^20.16.10",
        "eslint": "^8.18.0",
        "husky": "^8.0.1",
        "jest": "^28.1.1",
        "karambit-inject": "^3.0.0-alpha.23",
        "lint-staged": "^13.0.3",
        "ts-jest": "^28.0.4",
        "typescript": "^5.6.2"
      },
      "peerDependencies": {
        "typescript": ">= 4.8.0"
      }
    },
    "../../decorators": {
      "name": "karambit-decorators",
      "version": "0.0.2",
      "license": "Apache-2.0",
      "dependencies": {
        "@types/node": "^22.7.4"
      },
      "devDependencies": {
        "@devprice/eslint-config": "^1.0.1",
        "@devprice/version-from-git": "^1.1.2",
        "eslint": "^8.18.0",
        "lint-staged": "^13.0.3",
        "typescript": "^5.6.2"
      }
    },
    "node_modules/@types/node": {
      "version": "20.16.10",
      "resolved": "https://registry.npmjs.org/@types/node/-/node-20.16.10.tgz",
      "integrity": "sha512-vQUKgWTjEIRFCvK6CyriPH3MZYiYlNy0fKiEYHWbcoWLEgs4opurGGKlebrTLqdSMIbXImH6XExNiIyNUv3WpA==",
      "dev": true,
      "license": "MIT",
      "dependencies": {
        "undici-types": "~6.19.2"
      }
    },
    "node_modules/karambit-decorators": {
      "resolved": "../../decorators",
      "link": true
    },
    "node_modules/karambit-inject": {
      "resolved": "../..",
      "link": true
    },
    "node_modules/typescript": {
      "version": "5.6.2",
      "resolved": "https://registry.npmjs.org/typescript/-/typescript-5.6.2.tgz",
      "integrity": "sha512-NW8ByodCSNCwZeghjN3o+JX5OFH0Ojg6sadjEKY4huZ52TqbJTJnDo5+Tw98lSy63NZvi4n+ez5m2u5d4PkZyw==",
      "dev": true,
      "license": "Apache-2.0",
      "bin": {
        "tsc": "bin/tsc",
        "tsserver": "bin/tsserver"
      },
      "engines": {
        "node": ">=14.17"
      }
    },
    "node_modules/undici-types": {
      "version": "6.19.8",
      "resolved": "https://registry.npmjs.org/undici-types/-/undici-types-6.19.8.tgz",
      "integrity": "sha512-ve2KP6f/JnbPBFyobGHuerC9g1FYGn/F8n1LWTwNxCEzd6IfqTwUQcNXgEtmmQ6DlRrC1hrSrBnCZPokRrDHjw==",
      "dev": true,
      "license": "MIT"
    }
  }
}
